// !$*UTF8*$!
{
	archiveVersion = 1;
	classes = {
	};
	objectVersion = 55;
	objects = {

/* Begin PBXBuildFile section */
		CEB5D7A727409CE50072C69D /* AppDelegate.swift in Sources */ = {isa = PBXBuildFile; fileRef = CEB5D7A627409CE50072C69D /* AppDelegate.swift */; };
		CEB5D7A927409CE50072C69D /* SceneDelegate.swift in Sources */ = {isa = PBXBuildFile; fileRef = CEB5D7A827409CE50072C69D /* SceneDelegate.swift */; };
		CEB5D7AB27409CE50072C69D /* ViewController.swift in Sources */ = {isa = PBXBuildFile; fileRef = CEB5D7AA27409CE50072C69D /* ViewController.swift */; };
		CEB5D7AE27409CE50072C69D /* Main.storyboard in Resources */ = {isa = PBXBuildFile; fileRef = CEB5D7AC27409CE50072C69D /* Main.storyboard */; };
		CEB5D7B027409CEB0072C69D /* Assets.xcassets in Resources */ = {isa = PBXBuildFile; fileRef = CEB5D7AF27409CEB0072C69D /* Assets.xcassets */; };
		CEB5D7B327409CEB0072C69D /* LaunchScreen.storyboard in Resources */ = {isa = PBXBuildFile; fileRef = CEB5D7B127409CEB0072C69D /* LaunchScreen.storyboard */; };
		CEB5D7BE27409CEB0072C69D /* Prework_projectsTests.swift in Sources */ = {isa = PBXBuildFile; fileRef = CEB5D7BD27409CEB0072C69D /* Prework_projectsTests.swift */; };
		CEB5D7C827409CEB0072C69D /* Prework_projectsUITests.swift in Sources */ = {isa = PBXBuildFile; fileRef = CEB5D7C727409CEB0072C69D /* Prework_projectsUITests.swift */; };
		CEB5D7CA27409CEB0072C69D /* Prework_projectsUITestsLaunchTests.swift in Sources */ = {isa = PBXBuildFile; fileRef = CEB5D7C927409CEB0072C69D /* Prework_projectsUITestsLaunchTests.swift */; };
/* End PBXBuildFile section */

/* Begin PBXContainerItemProxy section */
		CEB5D7BA27409CEB0072C69D /* PBXContainerItemProxy */ = {
			isa = PBXContainerItemProxy;
			containerPortal = CEB5D79B27409CE50072C69D /* Project object */;
			proxyType = 1;
			remoteGlobalIDString = CEB5D7A227409CE50072C69D;
			remoteInfo = "Prework projects";
		};
		CEB5D7C427409CEB0072C69D /* PBXContainerItemProxy */ = {
			isa = PBXContainerItemProxy;
			containerPortal = CEB5D79B27409CE50072C69D /* Project object */;
			proxyType = 1;
			remoteGlobalIDString = CEB5D7A227409CE50072C69D;
			remoteInfo = "Prework projects";
		};
/* End PBXContainerItemProxy section */

/* Begin PBXFileReference section */
		CEB5D7A327409CE50072C69D /* Prework projects.app */ = {isa = PBXFileReference; explicitFileType = wrapper.application; includeInIndex = 0; path = "Prework projects.app"; sourceTree = BUILT_PRODUCTS_DIR; };
		CEB5D7A627409CE50072C69D /* AppDelegate.swift */ = {isa = PBXFileReference; lastKnownFileType = sourcecode.swift; path = AppDelegate.swift; sourceTree = "<group>"; };
		CEB5D7A827409CE50072C69D /* SceneDelegate.swift */ = {isa = PBXFileReference; lastKnownFileType = sourcecode.swift; path = SceneDelegate.swift; sourceTree = "<group>"; };
		CEB5D7AA27409CE50072C69D /* ViewController.swift */ = {isa = PBXFileReference; lastKnownFileType = sourcecode.swift; path = ViewController.swift; sourceTree = "<group>"; };
		CEB5D7AD27409CE50072C69D /* Base */ = {isa = PBXFileReference; lastKnownFileType = file.storyboard; name = Base; path = Base.lproj/Main.storyboard; sourceTree = "<group>"; };
		CEB5D7AF27409CEB0072C69D /* Assets.xcassets */ = {isa = PBXFileReference; lastKnownFileType = folder.assetcatalog; path = Assets.xcassets; sourceTree = "<group>"; };
		CEB5D7B227409CEB0072C69D /* Base */ = {isa = PBXFileReference; lastKnownFileType = file.storyboard; name = Base; path = Base.lproj/LaunchScreen.storyboard; sourceTree = "<group>"; };
		CEB5D7B427409CEB0072C69D /* Info.plist */ = {isa = PBXFileReference; lastKnownFileType = text.plist.xml; path = Info.plist; sourceTree = "<group>"; };
		CEB5D7B927409CEB0072C69D /* Prework projectsTests.xctest */ = {isa = PBXFileReference; explicitFileType = wrapper.cfbundle; includeInIndex = 0; path = "Prework projectsTests.xctest"; sourceTree = BUILT_PRODUCTS_DIR; };
		CEB5D7BD27409CEB0072C69D /* Prework_projectsTests.swift */ = {isa = PBXFileReference; lastKnownFileType = sourcecode.swift; path = Prework_projectsTests.swift; sourceTree = "<group>"; };
		CEB5D7C327409CEB0072C69D /* Prework projectsUITests.xctest */ = {isa = PBXFileReference; explicitFileType = wrapper.cfbundle; includeInIndex = 0; path = "Prework projectsUITests.xctest"; sourceTree = BUILT_PRODUCTS_DIR; };
		CEB5D7C727409CEB0072C69D /* Prework_projectsUITests.swift */ = {isa = PBXFileReference; lastKnownFileType = sourcecode.swift; path = Prework_projectsUITests.swift; sourceTree = "<group>"; };
		CEB5D7C927409CEB0072C69D /* Prework_projectsUITestsLaunchTests.swift */ = {isa = PBXFileReference; lastKnownFileType = sourcecode.swift; path = Prework_projectsUITestsLaunchTests.swift; sourceTree = "<group>"; };
/* End PBXFileReference section */

/* Begin PBXFrameworksBuildPhase section */
		CEB5D7A027409CE50072C69D /* Frameworks */ = {
			isa = PBXFrameworksBuildPhase;
			buildActionMask = 2147483647;
			files = (
			);
			runOnlyForDeploymentPostprocessing = 0;
		};
		CEB5D7B627409CEB0072C69D /* Frameworks */ = {
			isa = PBXFrameworksBuildPhase;
			buildActionMask = 2147483647;
			files = (
			);
			runOnlyForDeploymentPostprocessing = 0;
		};
		CEB5D7C027409CEB0072C69D /* Frameworks */ = {
			isa = PBXFrameworksBuildPhase;
			buildActionMask = 2147483647;
			files = (
			);
			runOnlyForDeploymentPostprocessing = 0;
		};
/* End PBXFrameworksBuildPhase section */

/* Begin PBXGroup section */
		CEB5D79A27409CE50072C69D = {
			isa = PBXGroup;
			children = (
				CEB5D7A527409CE50072C69D /* Prework projects */,
				CEB5D7BC27409CEB0072C69D /* Prework projectsTests */,
				CEB5D7C627409CEB0072C69D /* Prework projectsUITests */,
				CEB5D7A427409CE50072C69D /* Products */,
			);
			sourceTree = "<group>";
		};
		CEB5D7A427409CE50072C69D /* Products */ = {
			isa = PBXGroup;
			children = (
				CEB5D7A327409CE50072C69D /* Prework projects.app */,
				CEB5D7B927409CEB0072C69D /* Prework projectsTests.xctest */,
				CEB5D7C327409CEB0072C69D /* Prework projectsUITests.xctest */,
			);
			name = Products;
			sourceTree = "<group>";
		};
		CEB5D7A527409CE50072C69D /* Prework projects */ = {
			isa = PBXGroup;
			children = (
				CEB5D7A627409CE50072C69D /* AppDelegate.swift */,
				CEB5D7A827409CE50072C69D /* SceneDelegate.swift */,
				CEB5D7AA27409CE50072C69D /* ViewController.swift */,
				CEB5D7AC27409CE50072C69D /* Main.storyboard */,
				CEB5D7AF27409CEB0072C69D /* Assets.xcassets */,
				CEB5D7B127409CEB0072C69D /* LaunchScreen.storyboard */,
				CEB5D7B427409CEB0072C69D /* Info.plist */,
			);
			path = "Prework projects";
			sourceTree = "<group>";
		};
		CEB5D7BC27409CEB0072C69D /* Prework projectsTests */ = {
			isa = PBXGroup;
			children = (
				CEB5D7BD27409CEB0072C69D /* Prework_projectsTests.swift */,
			);
			path = "Prework projectsTests";
			sourceTree = "<group>";
		};
		CEB5D7C627409CEB0072C69D /* Prework projectsUITests */ = {
			isa = PBXGroup;
			children = (
				CEB5D7C727409CEB0072C69D /* Prework_projectsUITests.swift */,
				CEB5D7C927409CEB0072C69D /* Prework_projectsUITestsLaunchTests.swift */,
			);
			path = "Prework projectsUITests";
			sourceTree = "<group>";
		};
/* End PBXGroup section */

/* Begin PBXNativeTarget section */
		CEB5D7A227409CE50072C69D /* Prework projects */ = {
			isa = PBXNativeTarget;
			buildConfigurationList = CEB5D7CD27409CEB0072C69D /* Build configuration list for PBXNativeTarget "Prework projects" */;
			buildPhases = (
				CEB5D79F27409CE50072C69D /* Sources */,
				CEB5D7A027409CE50072C69D /* Frameworks */,
				CEB5D7A127409CE50072C69D /* Resources */,
			);
			buildRules = (
			);
			dependencies = (
			);
			name = "Prework projects";
			productName = "Prework projects";
			productReference = CEB5D7A327409CE50072C69D /* Prework projects.app */;
			productType = "com.apple.product-type.application";
		};
		CEB5D7B827409CEB0072C69D /* Prework projectsTests */ = {
			isa = PBXNativeTarget;
			buildConfigurationList = CEB5D7D027409CEB0072C69D /* Build configuration list for PBXNativeTarget "Prework projectsTests" */;
			buildPhases = (
				CEB5D7B527409CEB0072C69D /* Sources */,
				CEB5D7B627409CEB0072C69D /* Frameworks */,
				CEB5D7B727409CEB0072C69D /* Resources */,
			);
			buildRules = (
			);
			dependencies = (
				CEB5D7BB27409CEB0072C69D /* PBXTargetDependency */,
			);
			name = "Prework projectsTests";
			productName = "Prework projectsTests";
			productReference = CEB5D7B927409CEB0072C69D /* Prework projectsTests.xctest */;
			productType = "com.apple.product-type.bundle.unit-test";
		};
		CEB5D7C227409CEB0072C69D /* Prework projectsUITests */ = {
			isa = PBXNativeTarget;
			buildConfigurationList = CEB5D7D327409CEB0072C69D /* Build configuration list for PBXNativeTarget "Prework projectsUITests" */;
			buildPhases = (
				CEB5D7BF27409CEB0072C69D /* Sources */,
				CEB5D7C027409CEB0072C69D /* Frameworks */,
				CEB5D7C127409CEB0072C69D /* Resources */,
			);
			buildRules = (
			);
			dependencies = (
				CEB5D7C527409CEB0072C69D /* PBXTargetDependency */,
			);
			name = "Prework projectsUITests";
			productName = "Prework projectsUITests";
			productReference = CEB5D7C327409CEB0072C69D /* Prework projectsUITests.xctest */;
			productType = "com.apple.product-type.bundle.ui-testing";
		};
/* End PBXNativeTarget section */

/* Begin PBXProject section */
		CEB5D79B27409CE50072C69D /* Project object */ = {
			isa = PBXProject;
			attributes = {
				BuildIndependentTargetsInParallel = 1;
				LastSwiftUpdateCheck = 1310;
				LastUpgradeCheck = 1310;
				TargetAttributes = {
					CEB5D7A227409CE50072C69D = {
						CreatedOnToolsVersion = 13.1;
					};
					CEB5D7B827409CEB0072C69D = {
						CreatedOnToolsVersion = 13.1;
						TestTargetID = CEB5D7A227409CE50072C69D;
					};
					CEB5D7C227409CEB0072C69D = {
						CreatedOnToolsVersion = 13.1;
						TestTargetID = CEB5D7A227409CE50072C69D;
					};
				};
			};
			buildConfigurationList = CEB5D79E27409CE50072C69D /* Build configuration list for PBXProject "Prework projects" */;
			compatibilityVersion = "Xcode 13.0";
			developmentRegion = en;
			hasScannedForEncodings = 0;
			knownRegions = (
				en,
				Base,
			);
			mainGroup = CEB5D79A27409CE50072C69D;
			productRefGroup = CEB5D7A427409CE50072C69D /* Products */;
			projectDirPath = "";
			projectRoot = "";
			targets = (
				CEB5D7A227409CE50072C69D /* Prework projects */,
				CEB5D7B827409CEB0072C69D /* Prework projectsTests */,
				CEB5D7C227409CEB0072C69D /* Prework projectsUITests */,
			);
		};
/* End PBXProject section */

/* Begin PBXResourcesBuildPhase section */
		CEB5D7A127409CE50072C69D /* Resources */ = {
			isa = PBXResourcesBuildPhase;
			buildActionMask = 2147483647;
			files = (
				CEB5D7B327409CEB0072C69D /* LaunchScreen.storyboard in Resources */,
				CEB5D7B027409CEB0072C69D /* Assets.xcassets in Resources */,
				CEB5D7AE27409CE50072C69D /* Main.storyboard in Resources */,
			);
			runOnlyForDeploymentPostprocessing = 0;
		};
		CEB5D7B727409CEB0072C69D /* Resources */ = {
			isa = PBXResourcesBuildPhase;
			buildActionMask = 2147483647;
			files = (
			);
			runOnlyForDeploymentPostprocessing = 0;
		};
		CEB5D7C127409CEB0072C69D /* Resources */ = {
			isa = PBXResourcesBuildPhase;
			buildActionMask = 2147483647;
			files = (
			);
			runOnlyForDeploymentPostprocessing = 0;
		};
/* End PBXResourcesBuildPhase section */

/* Begin PBXSourcesBuildPhase section */
		CEB5D79F27409CE50072C69D /* Sources */ = {
			isa = PBXSourcesBuildPhase;
			buildActionMask = 2147483647;
			files = (
				CEB5D7AB27409CE50072C69D /* ViewController.swift in Sources */,
				CEB5D7A727409CE50072C69D /* AppDelegate.swift in Sources */,
				CEB5D7A927409CE50072C69D /* SceneDelegate.swift in Sources */,
			);
			runOnlyForDeploymentPostprocessing = 0;
		};
		CEB5D7B527409CEB0072C69D /* Sources */ = {
			isa = PBXSourcesBuildPhase;
			buildActionMask = 2147483647;
			files = (
				CEB5D7BE27409CEB0072C69D /* Prework_projectsTests.swift in Sources */,
			);
			runOnlyForDeploymentPostprocessing = 0;
		};
		CEB5D7BF27409CEB0072C69D /* Sources */ = {
			isa = PBXSourcesBuildPhase;
			buildActionMask = 2147483647;
			files = (
				CEB5D7C827409CEB0072C69D /* Prework_projectsUITests.swift in Sources */,
				CEB5D7CA27409CEB0072C69D /* Prework_projectsUITestsLaunchTests.swift in Sources */,
			);
			runOnlyForDeploymentPostprocessing = 0;
		};
/* End PBXSourcesBuildPhase section */

/* Begin PBXTargetDependency section */
		CEB5D7BB27409CEB0072C69D /* PBXTargetDependency */ = {
			isa = PBXTargetDependency;
			target = CEB5D7A227409CE50072C69D /* Prework projects */;
			targetProxy = CEB5D7BA27409CEB0072C69D /* PBXContainerItemProxy */;
		};
		CEB5D7C527409CEB0072C69D /* PBXTargetDependency */ = {
			isa = PBXTargetDependency;
			target = CEB5D7A227409CE50072C69D /* Prework projects */;
			targetProxy = CEB5D7C427409CEB0072C69D /* PBXContainerItemProxy */;
		};
/* End PBXTargetDependency section */

/* Begin PBXVariantGroup section */
		CEB5D7AC27409CE50072C69D /* Main.storyboard */ = {
			isa = PBXVariantGroup;
			children = (
				CEB5D7AD27409CE50072C69D /* Base */,
			);
			name = Main.storyboard;
			sourceTree = "<group>";
		};
		CEB5D7B127409CEB0072C69D /* LaunchScreen.storyboard */ = {
			isa = PBXVariantGroup;
			children = (
				CEB5D7B227409CEB0072C69D /* Base */,
			);
			name = LaunchScreen.storyboard;
			sourceTree = "<group>";
		};
/* End PBXVariantGroup section */

/* Begin XCBuildConfiguration section */
		CEB5D7CB27409CEB0072C69D /* Debug */ = {
			isa = XCBuildConfiguration;
			buildSettings = {
				ALWAYS_SEARCH_USER_PATHS = NO;
				CLANG_ANALYZER_NONNULL = YES;
				CLANG_ANALYZER_NUMBER_OBJECT_CONVERSION = YES_AGGRESSIVE;
				CLANG_CXX_LANGUAGE_STANDARD = "gnu++17";
				CLANG_CXX_LIBRARY = "libc++";
				CLANG_ENABLE_MODULES = YES;
				CLANG_ENABLE_OBJC_ARC = YES;
				CLANG_ENABLE_OBJC_WEAK = YES;
				CLANG_WARN_BLOCK_CAPTURE_AUTORELEASING = YES;
				CLANG_WARN_BOOL_CONVERSION = YES;
				CLANG_WARN_COMMA = YES;
				CLANG_WARN_CONSTANT_CONVERSION = YES;
				CLANG_WARN_DEPRECATED_OBJC_IMPLEMENTATIONS = YES;
				CLANG_WARN_DIRECT_OBJC_ISA_USAGE = YES_ERROR;
				CLANG_WARN_DOCUMENTATION_COMMENTS = YES;
				CLANG_WARN_EMPTY_BODY = YES;
				CLANG_WARN_ENUM_CONVERSION = YES;
				CLANG_WARN_INFINITE_RECURSION = YES;
				CLANG_WARN_INT_CONVERSION = YES;
				CLANG_WARN_NON_LITERAL_NULL_CONVERSION = YES;
				CLANG_WARN_OBJC_IMPLICIT_RETAIN_SELF = YES;
				CLANG_WARN_OBJC_LITERAL_CONVERSION = YES;
				CLANG_WARN_OBJC_ROOT_CLASS = YES_ERROR;
				CLANG_WARN_QUOTED_INCLUDE_IN_FRAMEWORK_HEADER = YES;
				CLANG_WARN_RANGE_LOOP_ANALYSIS = YES;
				CLANG_WARN_STRICT_PROTOTYPES = YES;
				CLANG_WARN_SUSPICIOUS_MOVE = YES;
				CLANG_WARN_UNGUARDED_AVAILABILITY = YES_AGGRESSIVE;
				CLANG_WARN_UNREACHABLE_CODE = YES;
				CLANG_WARN__DUPLICATE_METHOD_MATCH = YES;
				COPY_PHASE_STRIP = NO;
				DEBUG_INFORMATION_FORMAT = dwarf;
				ENABLE_STRICT_OBJC_MSGSEND = YES;
				ENABLE_TESTABILITY = YES;
				GCC_C_LANGUAGE_STANDARD = gnu11;
				GCC_DYNAMIC_NO_PIC = NO;
				GCC_NO_COMMON_BLOCKS = YES;
				GCC_OPTIMIZATION_LEVEL = 0;
				GCC_PREPROCESSOR_DEFINITIONS = (
					"DEBUG=1",
					"$(inherited)",
				);
				GCC_WARN_64_TO_32_BIT_CONVERSION = YES;
				GCC_WARN_ABOUT_RETURN_TYPE = YES_ERROR;
				GCC_WARN_UNDECLARED_SELECTOR = YES;
				GCC_WARN_UNINITIALIZED_AUTOS = YES_AGGRESSIVE;
				GCC_WARN_UNUSED_FUNCTION = YES;
				GCC_WARN_UNUSED_VARIABLE = YES;
				IPHONEOS_DEPLOYMENT_TARGET = 15.0;
				MTL_ENABLE_DEBUG_INFO = INCLUDE_SOURCE;
				MTL_FAST_MATH = YES;
				ONLY_ACTIVE_ARCH = YES;
				SDKROOT = iphoneos;
				SWIFT_ACTIVE_COMPILATION_CONDITIONS = DEBUG;
				SWIFT_OPTIMIZATION_LEVEL = "-Onone";
			};
			name = Debug;
		};
		CEB5D7CC27409CEB0072C69D /* Release */ = {
			isa = XCBuildConfiguration;
			buildSettings = {
				ALWAYS_SEARCH_USER_PATHS = NO;
				CLANG_ANALYZER_NONNULL = YES;
				CLANG_ANALYZER_NUMBER_OBJECT_CONVERSION = YES_AGGRESSIVE;
				CLANG_CXX_LANGUAGE_STANDARD = "gnu++17";
				CLANG_CXX_LIBRARY = "libc++";
				CLANG_ENABLE_MODULES = YES;
				CLANG_ENABLE_OBJC_ARC = YES;
				CLANG_ENABLE_OBJC_WEAK = YES;
				CLANG_WARN_BLOCK_CAPTURE_AUTORELEASING = YES;
				CLANG_WARN_BOOL_CONVERSION = YES;
				CLANG_WARN_COMMA = YES;
				CLANG_WARN_CONSTANT_CONVERSION = YES;
				CLANG_WARN_DEPRECATED_OBJC_IMPLEMENTATIONS = YES;
				CLANG_WARN_DIRECT_OBJC_ISA_USAGE = YES_ERROR;
				CLANG_WARN_DOCUMENTATION_COMMENTS = YES;
				CLANG_WARN_EMPTY_BODY = YES;
				CLANG_WARN_ENUM_CONVERSION = YES;
				CLANG_WARN_INFINITE_RECURSION = YES;
				CLANG_WARN_INT_CONVERSION = YES;
				CLANG_WARN_NON_LITERAL_NULL_CONVERSION = YES;
				CLANG_WARN_OBJC_IMPLICIT_RETAIN_SELF = YES;
				CLANG_WARN_OBJC_LITERAL_CONVERSION = YES;
				CLANG_WARN_OBJC_ROOT_CLASS = YES_ERROR;
				CLANG_WARN_QUOTED_INCLUDE_IN_FRAMEWORK_HEADER = YES;
				CLANG_WARN_RANGE_LOOP_ANALYSIS = YES;
				CLANG_WARN_STRICT_PROTOTYPES = YES;
				CLANG_WARN_SUSPICIOUS_MOVE = YES;
				CLANG_WARN_UNGUARDED_AVAILABILITY = YES_AGGRESSIVE;
				CLANG_WARN_UNREACHABLE_CODE = YES;
				CLANG_WARN__DUPLICATE_METHOD_MATCH = YES;
				COPY_PHASE_STRIP = NO;
				DEBUG_INFORMATION_FORMAT = "dwarf-with-dsym";
				ENABLE_NS_ASSERTIONS = NO;
				ENABLE_STRICT_OBJC_MSGSEND = YES;
				GCC_C_LANGUAGE_STANDARD = gnu11;
				GCC_NO_COMMON_BLOCKS = YES;
				GCC_WARN_64_TO_32_BIT_CONVERSION = YES;
				GCC_WARN_ABOUT_RETURN_TYPE = YES_ERROR;
				GCC_WARN_UNDECLARED_SELECTOR = YES;
				GCC_WARN_UNINITIALIZED_AUTOS = YES_AGGRESSIVE;
				GCC_WARN_UNUSED_FUNCTION = YES;
				GCC_WARN_UNUSED_VARIABLE = YES;
				IPHONEOS_DEPLOYMENT_TARGET = 15.0;
				MTL_ENABLE_DEBUG_INFO = NO;
				MTL_FAST_MATH = YES;
				SDKROOT = iphoneos;
				SWIFT_COMPILATION_MODE = wholemodule;
				SWIFT_OPTIMIZATION_LEVEL = "-O";
				VALIDATE_PRODUCT = YES;
			};
			name = Release;
		};
		CEB5D7CE27409CEB0072C69D /* Debug */ = {
			isa = XCBuildConfiguration;
			buildSettings = {
				ASSETCATALOG_COMPILER_APPICON_NAME = AppIcon;
				ASSETCATALOG_COMPILER_GLOBAL_ACCENT_COLOR_NAME = AccentColor;
				CODE_SIGN_STYLE = Automatic;
				CURRENT_PROJECT_VERSION = 1;
				GENERATE_INFOPLIST_FILE = YES;
				INFOPLIST_FILE = "Prework projects/Info.plist";
				INFOPLIST_KEY_UIApplicationSupportsIndirectInputEvents = YES;
				INFOPLIST_KEY_UILaunchStoryboardName = LaunchScreen;
				INFOPLIST_KEY_UIMainStoryboardFile = Main;
				INFOPLIST_KEY_UISupportedInterfaceOrientations_iPad = "UIInterfaceOrientationPortrait UIInterfaceOrientationPortraitUpsideDown UIInterfaceOrientationLandscapeLeft UIInterfaceOrientationLandscapeRight";
				INFOPLIST_KEY_UISupportedInterfaceOrientations_iPhone = "UIInterfaceOrientationPortrait UIInterfaceOrientationLandscapeLeft UIInterfaceOrientationLandscapeRight";
				LD_RUNPATH_SEARCH_PATHS = (
					"$(inherited)",
					"@executable_path/Frameworks",
				);
				MARKETING_VERSION = 1.0;
				PRODUCT_BUNDLE_IDENTIFIER = "loneStarCollege.Prework-projects";
				PRODUCT_NAME = "$(TARGET_NAME)";
				SWIFT_EMIT_LOC_STRINGS = YES;
				SWIFT_VERSION = 5.0;
				TARGETED_DEVICE_FAMILY = "1,2";
			};
			name = Debug;
		};
		CEB5D7CF27409CEB0072C69D /* Release */ = {
			isa = XCBuildConfiguration;
			buildSettings = {
				ASSETCATALOG_COMPILER_APPICON_NAME = AppIcon;
				ASSETCATALOG_COMPILER_GLOBAL_ACCENT_COLOR_NAME = AccentColor;
				CODE_SIGN_STYLE = Automatic;
				CURRENT_PROJECT_VERSION = 1;
				GENERATE_INFOPLIST_FILE = YES;
				INFOPLIST_FILE = "Prework projects/Info.plist";
				INFOPLIST_KEY_UIApplicationSupportsIndirectInputEvents = YES;
				INFOPLIST_KEY_UILaunchStoryboardName = LaunchScreen;
				INFOPLIST_KEY_UIMainStoryboardFile = Main;
				INFOPLIST_KEY_UISupportedInterfaceOrientations_iPad = "UIInterfaceOrientationPortrait UIInterfaceOrientationPortraitUpsideDown UIInterfaceOrientationLandscapeLeft UIInterfaceOrientationLandscapeRight";
				INFOPLIST_KEY_UISupportedInterfaceOrientations_iPhone = "UIInterfaceOrientationPortrait UIInterfaceOrientationLandscapeLeft UIInterfaceOrientationLandscapeRight";
				LD_RUNPATH_SEARCH_PATHS = (
					"$(inherited)",
					"@executable_path/Frameworks",
				);
				MARKETING_VERSION = 1.0;
				PRODUCT_BUNDLE_IDENTIFIER = "loneStarCollege.Prework-projects";
				PRODUCT_NAME = "$(TARGET_NAME)";
				SWIFT_EMIT_LOC_STRINGS = YES;
				SWIFT_VERSION = 5.0;
				TARGETED_DEVICE_FAMILY = "1,2";
			};
			name = Release;
		};
		CEB5D7D127409CEB0072C69D /* Debug */ = {
			isa = XCBuildConfiguration;
			buildSettings = {
				ALWAYS_EMBED_SWIFT_STANDARD_LIBRARIES = YES;
				BUNDLE_LOADER = "$(TEST_HOST)";
				CODE_SIGN_STYLE = Automatic;
				CURRENT_PROJECT_VERSION = 1;
				GENERATE_INFOPLIST_FILE = YES;
				IPHONEOS_DEPLOYMENT_TARGET = 15.0;
				LD_RUNPATH_SEARCH_PATHS = (
					"$(inherited)",
					"@executable_path/Frameworks",
					"@loader_path/Frameworks",
				);
				MARKETING_VERSION = 1.0;
				PRODUCT_BUNDLE_IDENTIFIER = "loneStarCollege.Prework-projectsTests";
				PRODUCT_NAME = "$(TARGET_NAME)";
				SWIFT_EMIT_LOC_STRINGS = NO;
				SWIFT_VERSION = 5.0;
				TARGETED_DEVICE_FAMILY = "1,2";
				TEST_HOST = "$(BUILT_PRODUCTS_DIR)/Prework projects.app/Prework projects";
			};
			name = Debug;
		};
		CEB5D7D227409CEB0072C69D /* Release */ = {
			isa = XCBuildConfiguration;
			buildSettings = {
				ALWAYS_EMBED_SWIFT_STANDARD_LIBRARIES = YES;
				BUNDLE_LOADER = "$(TEST_HOST)";
				CODE_SIGN_STYLE = Automatic;
				CURRENT_PROJECT_VERSION = 1;
				GENERATE_INFOPLIST_FILE = YES;
				IPHONEOS_DEPLOYMENT_TARGET = 15.0;
				LD_RUNPATH_SEARCH_PATHS = (
					"$(inherited)",
					"@executable_path/Frameworks",
					"@loader_path/Frameworks",
				);
				MARKETING_VERSION = 1.0;
				PRODUCT_BUNDLE_IDENTIFIER = "loneStarCollege.Prework-projectsTests";
				PRODUCT_NAME = "$(TARGET_NAME)";
				SWIFT_EMIT_LOC_STRINGS = NO;
				SWIFT_VERSION = 5.0;
				TARGETED_DEVICE_FAMILY = "1,2";
				TEST_HOST = "$(BUILT_PRODUCTS_DIR)/Prework projects.app/Prework projects";
			};
			name = Release;
		};
		CEB5D7D427409CEB0072C69D /* Debug */ = {
			isa = XCBuildConfiguration;
			buildSettings = {
				ALWAYS_EMBED_SWIFT_STANDARD_LIBRARIES = YES;
				CODE_SIGN_STYLE = Automatic;
				CURRENT_PROJECT_VERSION = 1;
				GENERATE_INFOPLIST_FILE = YES;
				LD_RUNPATH_SEARCH_PATHS = (
					"$(inherited)",
					"@executable_path/Frameworks",
					"@loader_path/Frameworks",
				);
				MARKETING_VERSION = 1.0;
				PRODUCT_BUNDLE_IDENTIFIER = "loneStarCollege.Prework-projectsUITests";
				PRODUCT_NAME = "$(TARGET_NAME)";
				SWIFT_EMIT_LOC_STRINGS = NO;
				SWIFT_VERSION = 5.0;
				TARGETED_DEVICE_FAMILY = "1,2";
				TEST_TARGET_NAME = "Prework projects";
			};
			name = Debug;
		};
		CEB5D7D527409CEB0072C69D /* Release */ = {
			isa = XCBuildConfiguration;
			buildSettings = {
				ALWAYS_EMBED_SWIFT_STANDARD_LIBRARIES = YES;
				CODE_SIGN_STYLE = Automatic;
				CURRENT_PROJECT_VERSION = 1;
				GENERATE_INFOPLIST_FILE = YES;
				LD_RUNPATH_SEARCH_PATHS = (
					"$(inherited)",
					"@executable_path/Frameworks",
					"@loader_path/Frameworks",
				);
				MARKETING_VERSION = 1.0;
				PRODUCT_BUNDLE_IDENTIFIER = "loneStarCollege.Prework-projectsUITests";
				PRODUCT_NAME = "$(TARGET_NAME)";
				SWIFT_EMIT_LOC_STRINGS = NO;
				SWIFT_VERSION = 5.0;
				TARGETED_DEVICE_FAMILY = "1,2";
				TEST_TARGET_NAME = "Prework projects";
			};
			name = Release;
		};
/* End XCBuildConfiguration section */

/* Begin XCConfigurationList section */
		CEB5D79E27409CE50072C69D /* Build configuration list for PBXProject "Prework projects" */ = {
			isa = XCConfigurationList;
			buildConfigurations = (
				CEB5D7CB27409CEB0072C69D /* Debug */,
				CEB5D7CC27409CEB0072C69D /* Release */,
			);
			defaultConfigurationIsVisible = 0;
			defaultConfigurationName = Release;
		};
		CEB5D7CD27409CEB0072C69D /* Build configuration list for PBXNativeTarget "Prework projects" */ = {
			isa = XCConfigurationList;
			buildConfigurations = (
				CEB5D7CE27409CEB0072C69D /* Debug */,
				CEB5D7CF27409CEB0072C69D /* Release */,
			);
			defaultConfigurationIsVisible = 0;
			defaultConfigurationName = Release;
		};
		CEB5D7D027409CEB0072C69D /* Build configuration list for PBXNativeTarget "Prework projectsTests" */ = {
			isa = XCConfigurationList;
			buildConfigurations = (
				CEB5D7D127409CEB0072C69D /* Debug */,
				CEB5D7D227409CEB0072C69D /* Release */,
			);
			defaultConfigurationIsVisible = 0;
			defaultConfigurationName = Release;
		};
		CEB5D7D327409CEB0072C69D /* Build configuration list for PBXNativeTarget "Prework projectsUITests" */ = {
			isa = XCConfigurationList;
			buildConfigurations = (
				CEB5D7D427409CEB0072C69D /* Debug */,
				CEB5D7D527409CEB0072C69D /* Release */,
			);
			defaultConfigurationIsVisible = 0;
			defaultConfigurationName = Release;
		};
/* End XCConfigurationList section */
	};
	rootObject = CEB5D79B27409CE50072C69D /* Project object */;
}
